
Microsoft Visual Studio Solution File, Format Version 12.00
# Visual Studio Version 17
VisualStudioVersion = 17.10.35027.167
MinimumVisualStudioVersion = 10.0.40219.1
Project("{FAE04EC0-301F-11D3-BF4B-00C04F79EFBC}") = "Constructor", "Constructor\Constructor.csproj", "{E0D5B42E-E890-4937-9970-63D3C2213A12}"
EndProject
Global
	GlobalSection(SolutionConfigurationPlatforms) = preSolution
		Debug|Any CPU = Debug|Any CPU
		Release|Any CPU = Release|Any CPU
	EndGlobalSection
	GlobalSection(ProjectConfigurationPlatforms) = postSolution
		{E0D5B42E-E890-4937-9970-63D3C2213A12}.Debug|Any CPU.ActiveCfg = Debug|Any CPU
		{E0D5B42E-E890-4937-9970-63D3C2213A12}.Debug|Any CPU.Build.0 = Debug|Any CPU
		{E0D5B42E-E890-4937-9970-63D3C2213A12}.Release|Any CPU.ActiveCfg = Release|Any CPU
		{E0D5B42E-E890-4937-9970-63D3C2213A12}.Release|Any CPU.Build.0 = Release|Any CPU
	EndGlobalSection
	GlobalSection(SolutionProperties) = preSolution
		HideSolutionNode = FALSE
	EndGlobalSection
	GlobalSection(ExtensibilityGlobals) = postSolution
		SolutionGuid = {C01897E3-16AF-4248-A269-F90CF7FF2922}
	EndGlobalSection
EndGlobal
